
Microsoft Visual Studio Solution File, Format Version 12.00
# Visual Studio 2012
Project("{8BC9CEB8-8B4A-11D0-8D11-00A0C91BC942}") = "midea_scan_qr", "mp_test.vcxproj", "{55E5B88A-BFCD-4BEB-BB95-54D62AA9F3CD}"
EndProject
Project("{8BC9CEB8-8B4A-11D0-8D11-00A0C91BC942}") = "jx_common", "..\jx_common\jx_common.vcxproj", "{02F9E96D-3F63-493B-8BCB-894FEA11F2C6}"
EndProject
Global
	GlobalSection(SolutionConfigurationPlatforms) = preSolution
		Debug|Win32 = Debug|Win32
		Release|Win32 = Release|Win32
	EndGlobalSection
	GlobalSection(ProjectConfigurationPlatforms) = postSolution
		{55E5B88A-BFCD-4BEB-BB95-54D62AA9F3CD}.Debug|Win32.ActiveCfg = Debug|Win32
		{55E5B88A-BFCD-4BEB-BB95-54D62AA9F3CD}.Debug|Win32.Build.0 = Debug|Win32
		{55E5B88A-BFCD-4BEB-BB95-54D62AA9F3CD}.Release|Win32.ActiveCfg = Release|Win32
		{55E5B88A-BFCD-4BEB-BB95-54D62AA9F3CD}.Release|Win32.Build.0 = Release|Win32
		{02F9E96D-3F63-493B-8BCB-894FEA11F2C6}.Debug|Win32.ActiveCfg = Debug|Win32
		{02F9E96D-3F63-493B-8BCB-894FEA11F2C6}.Debug|Win32.Build.0 = Debug|Win32
		{02F9E96D-3F63-493B-8BCB-894FEA11F2C6}.Release|Win32.ActiveCfg = Release|Win32
		{02F9E96D-3F63-493B-8BCB-894FEA11F2C6}.Release|Win32.Build.0 = Release|Win32
	EndGlobalSection
	GlobalSection(SolutionProperties) = preSolution
		HideSolutionNode = FALSE
	EndGlobalSection
EndGlobal
