<?xml version="1.0" encoding="utf-8"?>
<Project ToolsVersion="4.0" xmlns="http://schemas.microsoft.com/developer/msbuild/2003">
  <ItemGroup>
    <Filter Include="Source Files">
      <UniqueIdentifier>{3384a156-3c25-40e2-b837-3e54daaa702b}</UniqueIdentifier>
      <Extensions>cpp;c;cxx;rc;def;r;odl;idl;hpj;bat</Extensions>
    </Filter>
    <Filter Include="Header Files">
      <UniqueIdentifier>{4f20ab23-93fb-4305-ad58-dc3dc4a8bb0d}</UniqueIdentifier>
      <Extensions>h;hpp;hxx;hm;inl</Extensions>
    </Filter>
    <Filter Include="Resource Files">
      <UniqueIdentifier>{74e6f75c-e72a-488c-986c-e7de7f9399e3}</UniqueIdentifier>
      <Extensions>ico;cur;bmp;dlg;rc2;rct;bin;rgs;gif;jpg;jpeg;jpe</Extensions>
    </Filter>
  </ItemGroup>
  <ItemGroup>
    <ClCompile Include="midea_decrpyt.cpp">
      <Filter>Source Files</Filter>
    </ClCompile>
    <ClCompile Include="mp_test.cpp">
      <Filter>Source Files</Filter>
    </ClCompile>
    <ClCompile Include="mp_testDlg.cpp">
      <Filter>Source Files</Filter>
    </ClCompile>
    <ClCompile Include="StdAfx.cpp">
      <Filter>Source Files</Filter>
    </ClCompile>
    <ClCompile Include="ua800_test_mode.cpp">
      <Filter>Source Files</Filter>
    </ClCompile>
    <ClCompile Include="t5506.cpp">
      <Filter>Source Files</Filter>
    </ClCompile>
    <ClCompile Include="ColorStatic.cpp">
      <Filter>Source Files</Filter>
    </ClCompile>
  </ItemGroup>
  <ItemGroup>
    <ResourceCompile Include="mp_test.rc">
      <Filter>Source Files</Filter>
    </ResourceCompile>
  </ItemGroup>
  <ItemGroup>
    <ClInclude Include="common.h">
      <Filter>Header Files</Filter>
    </ClInclude>
    <ClInclude Include="F32x_BulkFileTransferFunctions.h">
      <Filter>Header Files</Filter>
    </ClInclude>
    <ClInclude Include="Iphlpapi.h">
      <Filter>Header Files</Filter>
    </ClInclude>
    <ClInclude Include="mp_test.h">
      <Filter>Header Files</Filter>
    </ClInclude>
    <ClInclude Include="mp_testDlg.h">
      <Filter>Header Files</Filter>
    </ClInclude>
    <ClInclude Include="ProductorDll.h">
      <Filter>Header Files</Filter>
    </ClInclude>
    <ClInclude Include="ProductorErrorCode.h">
      <Filter>Header Files</Filter>
    </ClInclude>
    <ClInclude Include="Resource.h">
      <Filter>Header Files</Filter>
    </ClInclude>
    <ClInclude Include="sniot_test_mod.h">
      <Filter>Header Files</Filter>
    </ClInclude>
    <ClInclude Include="StdAfx.h">
      <Filter>Header Files</Filter>
    </ClInclude>
    <ClInclude Include="ua800_test_mode.h">
      <Filter>Header Files</Filter>
    </ClInclude>
    <ClInclude Include="ColorStatic.h">
      <Filter>Header Files</Filter>
    </ClInclude>
    <ClInclude Include="PSU Setting.h">
      <Filter>Header Files</Filter>
    </ClInclude>
  </ItemGroup>
  <ItemGroup>
    <Image Include="res\1.ico">
      <Filter>Resource Files</Filter>
    </Image>
    <Image Include="res\accept.ico">
      <Filter>Resource Files</Filter>
    </Image>
    <Image Include="res\bmpFAIL.bmp">
      <Filter>Resource Files</Filter>
    </Image>
    <Image Include="res\bmpOK.bmp">
      <Filter>Resource Files</Filter>
    </Image>
    <Image Include="res\delete.ico">
      <Filter>Resource Files</Filter>
    </Image>
    <Image Include="res\mp_test.ico">
      <Filter>Resource Files</Filter>
    </Image>
  </ItemGroup>
  <ItemGroup>
    <None Include="res\mp_test.rc2">
      <Filter>Resource Files</Filter>
    </None>
  </ItemGroup>
  <ItemGroup>
    <Library Include="IPHLPAPI.LIB" />
    <Library Include="..\jx_common\lib\mbedTLS.lib" />
    <Library Include="..\jx_common\lib\regex.lib" />
    <Library Include="PSU Setting.lib" />
  </ItemGroup>
  <ItemGroup>
    <Text Include="ReadMe.txt" />
  </ItemGroup>
</Project>