<?xml version="1.0" encoding="utf-8"?>
<Project ToolsVersion="4.0" xmlns="http://schemas.microsoft.com/developer/msbuild/2003">
  <ItemGroup>
    <Filter Include="Source Files">
      <UniqueIdentifier>{4FC737F1-C7A5-4376-A066-2A32D752A2FF}</UniqueIdentifier>
      <Extensions>cpp;c;cc;cxx;def;odl;idl;hpj;bat;asm;asmx</Extensions>
    </Filter>
    <Filter Include="Header Files">
      <UniqueIdentifier>{93995380-89BD-4b04-88EB-625FBE52EBFB}</UniqueIdentifier>
      <Extensions>h;hpp;hxx;hm;inl;inc;xsd</Extensions>
    </Filter>
    <Filter Include="Resource Files">
      <UniqueIdentifier>{67DA6AB6-F800-4c08-8B7A-83BB121AAD01}</UniqueIdentifier>
      <Extensions>rc;ico;cur;bmp;dlg;rc2;rct;bin;rgs;gif;jpg;jpeg;jpe;resx;tiff;tif;png;wav</Extensions>
    </Filter>
  </ItemGroup>
  <ItemGroup>
    <ClCompile Include="src\aes.c">
      <Filter>Source Files</Filter>
    </ClCompile>
    <ClCompile Include="src\amalloc.cpp">
      <Filter>Source Files</Filter>
    </ClCompile>
    <ClCompile Include="src\base64.c">
      <Filter>Source Files</Filter>
    </ClCompile>
    <ClCompile Include="src\cJSON.c">
      <Filter>Source Files</Filter>
    </ClCompile>
    <ClCompile Include="src\config.c">
      <Filter>Source Files</Filter>
    </ClCompile>
    <ClCompile Include="src\data_buff.c">
      <Filter>Source Files</Filter>
    </ClCompile>
    <ClCompile Include="database.cpp">
      <Filter>Source Files</Filter>
    </ClCompile>
    <ClCompile Include="src\f32x_util.cpp">
      <Filter>Source Files</Filter>
    </ClCompile>
    <ClCompile Include="src\HAL_OS_win32.c">
      <Filter>Source Files</Filter>
    </ClCompile>
    <ClCompile Include="src\http-strings.c">
      <Filter>Source Files</Filter>
    </ClCompile>
    <ClCompile Include="src\http.c">
      <Filter>Source Files</Filter>
    </ClCompile>
    <ClCompile Include="src\httpd-cgi.c">
      <Filter>Source Files</Filter>
    </ClCompile>
    <ClCompile Include="src\httpd-fs.c">
      <Filter>Source Files</Filter>
    </ClCompile>
    <ClCompile Include="src\httpd.c">
      <Filter>Source Files</Filter>
    </ClCompile>
    <ClCompile Include="src\httpd_cookie.c">
      <Filter>Source Files</Filter>
    </ClCompile>
    <ClCompile Include="src\httpparse.c">
      <Filter>Source Files</Filter>
    </ClCompile>
    <ClCompile Include="src\https_cmd.c">
      <Filter>Source Files</Filter>
    </ClCompile>
    <ClCompile Include="src\hx_net.c">
      <Filter>Source Files</Filter>
    </ClCompile>
    <ClCompile Include="src\LicenseFile.cpp">
      <Filter>Source Files</Filter>
    </ClCompile>
    <ClCompile Include="src\logfile.c">
      <Filter>Source Files</Filter>
    </ClCompile>
    <ClCompile Include="src\md5.c">
      <Filter>Source Files</Filter>
    </ClCompile>
    <ClCompile Include="src\media_test.cpp">
      <Filter>Source Files</Filter>
    </ClCompile>
    <ClCompile Include="src\midea_license_file.cpp">
      <Filter>Source Files</Filter>
    </ClCompile>
    <ClCompile Include="src\parse_itest_log.cpp">
      <Filter>Source Files</Filter>
    </ClCompile>
    <ClCompile Include="src\qcloud_iot_sdk_impl.c">
      <Filter>Source Files</Filter>
    </ClCompile>
    <ClCompile Include="src\registry_pro.cpp">
      <Filter>Source Files</Filter>
    </ClCompile>
    <ClCompile Include="src\ringerbuff.c">
      <Filter>Source Files</Filter>
    </ClCompile>
    <ClCompile Include="src\ServerCmd.c">
      <Filter>Source Files</Filter>
    </ClCompile>
    <ClCompile Include="src\sk_timer_task.c">
      <Filter>Source Files</Filter>
    </ClCompile>
    <ClCompile Include="src\sniot_license_file.cpp">
      <Filter>Source Files</Filter>
    </ClCompile>
    <ClCompile Include="src\sniot_test_mod.c">
      <Filter>Source Files</Filter>
    </ClCompile>
    <ClCompile Include="src\sock_list.c">
      <Filter>Source Files</Filter>
    </ClCompile>
    <ClCompile Include="src\ssv6166_mac.c">
      <Filter>Source Files</Filter>
    </ClCompile>
    <ClCompile Include="src\stdafx.cpp">
      <Filter>Source Files</Filter>
    </ClCompile>
    <ClCompile Include="src\uart.c">
      <Filter>Source Files</Filter>
    </ClCompile>
    <ClCompile Include="src\uart_obd_test.c">
      <Filter>Source Files</Filter>
    </ClCompile>
    <ClCompile Include="src\UsbIF.cpp">
      <Filter>Source Files</Filter>
    </ClCompile>
    <ClCompile Include="src\utils.c">
      <Filter>Source Files</Filter>
    </ClCompile>
  </ItemGroup>
  <ItemGroup>
    <ClInclude Include="include\base64.h">
      <Filter>Header Files</Filter>
    </ClInclude>
    <ClInclude Include="include\cJSON.h">
      <Filter>Header Files</Filter>
    </ClInclude>
    <ClInclude Include="include\data_buff.h">
      <Filter>Header Files</Filter>
    </ClInclude>
    <ClInclude Include="include\f32x_util.h">
      <Filter>Header Files</Filter>
    </ClInclude>
    <ClInclude Include="include\hekr_cmd.h">
      <Filter>Header Files</Filter>
    </ClInclude>
    <ClInclude Include="include\hekr_uart.h">
      <Filter>Header Files</Filter>
    </ClInclude>
    <ClInclude Include="include\homi_common.h">
      <Filter>Header Files</Filter>
    </ClInclude>
    <ClInclude Include="include\http-strings.h">
      <Filter>Header Files</Filter>
    </ClInclude>
    <ClInclude Include="include\httpd-cgi.h">
      <Filter>Header Files</Filter>
    </ClInclude>
    <ClInclude Include="include\httpd-fs.h">
      <Filter>Header Files</Filter>
    </ClInclude>
    <ClInclude Include="include\httpd-fsdata.h">
      <Filter>Header Files</Filter>
    </ClInclude>
    <ClInclude Include="include\httpd.h">
      <Filter>Header Files</Filter>
    </ClInclude>
    <ClInclude Include="include\httpparse.h">
      <Filter>Header Files</Filter>
    </ClInclude>
    <ClInclude Include="include\md5.h">
      <Filter>Header Files</Filter>
    </ClInclude>
    <ClInclude Include="include\media_test.h">
      <Filter>Header Files</Filter>
    </ClInclude>
    <ClInclude Include="include\mywin.h">
      <Filter>Header Files</Filter>
    </ClInclude>
    <ClInclude Include="include\qcloud_iot_export_log.h">
      <Filter>Header Files</Filter>
    </ClInclude>
    <ClInclude Include="include\regex.h">
      <Filter>Header Files</Filter>
    </ClInclude>
    <ClInclude Include="include\registry_pro.h">
      <Filter>Header Files</Filter>
    </ClInclude>
    <ClInclude Include="include\ServerCmd.h">
      <Filter>Header Files</Filter>
    </ClInclude>
    <ClInclude Include="include\sniot_test_mod.h">
      <Filter>Header Files</Filter>
    </ClInclude>
    <ClInclude Include="include\stdafx.h">
      <Filter>Header Files</Filter>
    </ClInclude>
    <ClInclude Include="targetver.h">
      <Filter>Header Files</Filter>
    </ClInclude>
    <ClInclude Include="include\uart_cmd.h">
      <Filter>Header Files</Filter>
    </ClInclude>
    <ClInclude Include="include\uart_obd_test.h">
      <Filter>Header Files</Filter>
    </ClInclude>
    <ClInclude Include="include\UsbIF.h">
      <Filter>Header Files</Filter>
    </ClInclude>
  </ItemGroup>
  <ItemGroup>
    <None Include="Debug\msado15.tlh">
      <Filter>Header Files</Filter>
    </None>
    <None Include="Debug\msado15.tli">
      <Filter>Header Files</Filter>
    </None>
  </ItemGroup>
  <ItemGroup>
    <Text Include="ReadMe.txt" />
  </ItemGroup>
</Project>